// !$*UTF8*$!
{
	archiveVersion = 1;
	classes = {
	};
	objectVersion = 46;
	objects = {

/* Begin PBXBuildFile section */
		C0D809C31B7537BB006CE02E /* AppDelegate.swift in Sources */ = {isa = PBXBuildFile; fileRef = C0D809C21B7537BB006CE02E /* AppDelegate.swift */; };
		C0D809C51B7537BB006CE02E /* GameScene.swift in Sources */ = {isa = PBXBuildFile; fileRef = C0D809C41B7537BB006CE02E /* GameScene.swift */; };
		C0D809C71B7537BB006CE02E /* GameScene.sks in Resources */ = {isa = PBXBuildFile; fileRef = C0D809C61B7537BB006CE02E /* GameScene.sks */; };
		C0D809C91B7537BB006CE02E /* Images.xcassets in Resources */ = {isa = PBXBuildFile; fileRef = C0D809C81B7537BB006CE02E /* Images.xcassets */; };
		C0D809CC1B7537BB006CE02E /* MainMenu.xib in Resources */ = {isa = PBXBuildFile; fileRef = C0D809CA1B7537BB006CE02E /* MainMenu.xib */; };
		C0D809D81B7537BB006CE02E /* GameDevConceptsTests.swift in Sources */ = {isa = PBXBuildFile; fileRef = C0D809D71B7537BB006CE02E /* GameDevConceptsTests.swift */; };
		C0D809E31B75386B006CE02E /* Circle.swift in Sources */ = {isa = PBXBuildFile; fileRef = C0D809E21B75386B006CE02E /* Circle.swift */; };
		C0D809E51B7580FE006CE02E /* Triangle.swift in Sources */ = {isa = PBXBuildFile; fileRef = C0D809E41B7580FE006CE02E /* Triangle.swift */; };
		C0D809E71B758120006CE02E /* Shape.swift in Sources */ = {isa = PBXBuildFile; fileRef = C0D809E61B758120006CE02E /* Shape.swift */; };
		C0D809E91B75A370006CE02E /* Entity.swift in Sources */ = {isa = PBXBuildFile; fileRef = C0D809E81B75A370006CE02E /* Entity.swift */; };
/* End PBXBuildFile section */

/* Begin PBXContainerItemProxy section */
		C0D809D21B7537BB006CE02E /* PBXContainerItemProxy */ = {
			isa = PBXContainerItemProxy;
			containerPortal = C0D809B51B7537BB006CE02E /* Project object */;
			proxyType = 1;
			remoteGlobalIDString = C0D809BC1B7537BB006CE02E;
			remoteInfo = GameDevConcepts;
		};
/* End PBXContainerItemProxy section */

/* Begin PBXFileReference section */
		C0D809BD1B7537BB006CE02E /* GameDevConcepts.app */ = {isa = PBXFileReference; explicitFileType = wrapper.application; includeInIndex = 0; path = GameDevConcepts.app; sourceTree = BUILT_PRODUCTS_DIR; };
		C0D809C11B7537BB006CE02E /* Info.plist */ = {isa = PBXFileReference; lastKnownFileType = text.plist.xml; path = Info.plist; sourceTree = "<group>"; };
		C0D809C21B7537BB006CE02E /* AppDelegate.swift */ = {isa = PBXFileReference; lastKnownFileType = sourcecode.swift; path = AppDelegate.swift; sourceTree = "<group>"; };
		C0D809C41B7537BB006CE02E /* GameScene.swift */ = {isa = PBXFileReference; lastKnownFileType = sourcecode.swift; path = GameScene.swift; sourceTree = "<group>"; };
		C0D809C61B7537BB006CE02E /* GameScene.sks */ = {isa = PBXFileReference; lastKnownFileType = file.sks; path = GameScene.sks; sourceTree = "<group>"; };
		C0D809C81B7537BB006CE02E /* Images.xcassets */ = {isa = PBXFileReference; lastKnownFileType = folder.assetcatalog; path = Images.xcassets; sourceTree = "<group>"; };
		C0D809CB1B7537BB006CE02E /* Base */ = {isa = PBXFileReference; lastKnownFileType = file.xib; name = Base; path = Base.lproj/MainMenu.xib; sourceTree = "<group>"; };
		C0D809D11B7537BB006CE02E /* GameDevConceptsTests.xctest */ = {isa = PBXFileReference; explicitFileType = wrapper.cfbundle; includeInIndex = 0; path = GameDevConceptsTests.xctest; sourceTree = BUILT_PRODUCTS_DIR; };
		C0D809D61B7537BB006CE02E /* Info.plist */ = {isa = PBXFileReference; lastKnownFileType = text.plist.xml; path = Info.plist; sourceTree = "<group>"; };
		C0D809D71B7537BB006CE02E /* GameDevConceptsTests.swift */ = {isa = PBXFileReference; lastKnownFileType = sourcecode.swift; path = GameDevConceptsTests.swift; sourceTree = "<group>"; };
		C0D809E21B75386B006CE02E /* Circle.swift */ = {isa = PBXFileReference; fileEncoding = 4; lastKnownFileType = sourcecode.swift; path = Circle.swift; sourceTree = "<group>"; };
		C0D809E41B7580FE006CE02E /* Triangle.swift */ = {isa = PBXFileReference; fileEncoding = 4; lastKnownFileType = sourcecode.swift; path = Triangle.swift; sourceTree = "<group>"; };
		C0D809E61B758120006CE02E /* Shape.swift */ = {isa = PBXFileReference; fileEncoding = 4; lastKnownFileType = sourcecode.swift; path = Shape.swift; sourceTree = "<group>"; };
		C0D809E81B75A370006CE02E /* Entity.swift */ = {isa = PBXFileReference; fileEncoding = 4; lastKnownFileType = sourcecode.swift; path = Entity.swift; sourceTree = "<group>"; };
/* End PBXFileReference section */

/* Begin PBXFrameworksBuildPhase section */
		C0D809BA1B7537BB006CE02E /* Frameworks */ = {
			isa = PBXFrameworksBuildPhase;
			buildActionMask = 2147483647;
			files = (
			);
			runOnlyForDeploymentPostprocessing = 0;
		};
		C0D809CE1B7537BB006CE02E /* Frameworks */ = {
			isa = PBXFrameworksBuildPhase;
			buildActionMask = 2147483647;
			files = (
			);
			runOnlyForDeploymentPostprocessing = 0;
		};
/* End PBXFrameworksBuildPhase section */

/* Begin PBXGroup section */
		C0D809B41B7537BB006CE02E = {
			isa = PBXGroup;
			children = (
				C0D809BF1B7537BB006CE02E /* GameDevConcepts */,
				C0D809D41B7537BB006CE02E /* GameDevConceptsTests */,
				C0D809BE1B7537BB006CE02E /* Products */,
			);
			sourceTree = "<group>";
		};
		C0D809BE1B7537BB006CE02E /* Products */ = {
			isa = PBXGroup;
			children = (
				C0D809BD1B7537BB006CE02E /* GameDevConcepts.app */,
				C0D809D11B7537BB006CE02E /* GameDevConceptsTests.xctest */,
			);
			name = Products;
			sourceTree = "<group>";
		};
		C0D809BF1B7537BB006CE02E /* GameDevConcepts */ = {
			isa = PBXGroup;
			children = (
				C0D809E11B753837006CE02E /* Shapes */,
				C0D809C21B7537BB006CE02E /* AppDelegate.swift */,
				C0D809C41B7537BB006CE02E /* GameScene.swift */,
				C0D809C61B7537BB006CE02E /* GameScene.sks */,
				C0D809C81B7537BB006CE02E /* Images.xcassets */,
				C0D809CA1B7537BB006CE02E /* MainMenu.xib */,
				C0D809C01B7537BB006CE02E /* Supporting Files */,
			);
			path = GameDevConcepts;
			sourceTree = "<group>";
		};
		C0D809C01B7537BB006CE02E /* Supporting Files */ = {
			isa = PBXGroup;
			children = (
				C0D809C11B7537BB006CE02E /* Info.plist */,
			);
			name = "Supporting Files";
			sourceTree = "<group>";
		};
		C0D809D41B7537BB006CE02E /* GameDevConceptsTests */ = {
			isa = PBXGroup;
			children = (
				C0D809D71B7537BB006CE02E /* GameDevConceptsTests.swift */,
				C0D809D51B7537BB006CE02E /* Supporting Files */,
			);
			path = GameDevConceptsTests;
			sourceTree = "<group>";
		};
		C0D809D51B7537BB006CE02E /* Supporting Files */ = {
			isa = PBXGroup;
			children = (
				C0D809D61B7537BB006CE02E /* Info.plist */,
			);
			name = "Supporting Files";
			sourceTree = "<group>";
		};
		C0D809E11B753837006CE02E /* Shapes */ = {
			isa = PBXGroup;
			children = (
				C0D809E21B75386B006CE02E /* Circle.swift */,
				C0D809E41B7580FE006CE02E /* Triangle.swift */,
				C0D809E61B758120006CE02E /* Shape.swift */,
				C0D809E81B75A370006CE02E /* Entity.swift */,
			);
			name = Shapes;
			sourceTree = "<group>";
		};
/* End PBXGroup section */

/* Begin PBXNativeTarget section */
		C0D809BC1B7537BB006CE02E /* GameDevConcepts */ = {
			isa = PBXNativeTarget;
			buildConfigurationList = C0D809DB1B7537BB006CE02E /* Build configuration list for PBXNativeTarget "GameDevConcepts" */;
			buildPhases = (
				C0D809B91B7537BB006CE02E /* Sources */,
				C0D809BA1B7537BB006CE02E /* Frameworks */,
				C0D809BB1B7537BB006CE02E /* Resources */,
			);
			buildRules = (
			);
			dependencies = (
			);
			name = GameDevConcepts;
			productName = GameDevConcepts;
			productReference = C0D809BD1B7537BB006CE02E /* GameDevConcepts.app */;
			productType = "com.apple.product-type.application";
		};
		C0D809D01B7537BB006CE02E /* GameDevConceptsTests */ = {
			isa = PBXNativeTarget;
			buildConfigurationList = C0D809DE1B7537BB006CE02E /* Build configuration list for PBXNativeTarget "GameDevConceptsTests" */;
			buildPhases = (
				C0D809CD1B7537BB006CE02E /* Sources */,
				C0D809CE1B7537BB006CE02E /* Frameworks */,
				C0D809CF1B7537BB006CE02E /* Resources */,
			);
			buildRules = (
			);
			dependencies = (
				C0D809D31B7537BB006CE02E /* PBXTargetDependency */,
			);
			name = GameDevConceptsTests;
			productName = GameDevConceptsTests;
			productReference = C0D809D11B7537BB006CE02E /* GameDevConceptsTests.xctest */;
			productType = "com.apple.product-type.bundle.unit-test";
		};
/* End PBXNativeTarget section */

/* Begin PBXProject section */
		C0D809B51B7537BB006CE02E /* Project object */ = {
			isa = PBXProject;
			attributes = {
				LastUpgradeCheck = 0640;
				ORGANIZATIONNAME = "Gabriel Anderson";
				TargetAttributes = {
					C0D809BC1B7537BB006CE02E = {
						CreatedOnToolsVersion = 6.4;
					};
					C0D809D01B7537BB006CE02E = {
						CreatedOnToolsVersion = 6.4;
						TestTargetID = C0D809BC1B7537BB006CE02E;
					};
				};
			};
			buildConfigurationList = C0D809B81B7537BB006CE02E /* Build configuration list for PBXProject "GameDevConcepts" */;
			compatibilityVersion = "Xcode 3.2";
			developmentRegion = English;
			hasScannedForEncodings = 0;
			knownRegions = (
				en,
				Base,
			);
			mainGroup = C0D809B41B7537BB006CE02E;
			productRefGroup = C0D809BE1B7537BB006CE02E /* Products */;
			projectDirPath = "";
			projectRoot = "";
			targets = (
				C0D809BC1B7537BB006CE02E /* GameDevConcepts */,
				C0D809D01B7537BB006CE02E /* GameDevConceptsTests */,
			);
		};
/* End PBXProject section */

/* Begin PBXResourcesBuildPhase section */
		C0D809BB1B7537BB006CE02E /* Resources */ = {
			isa = PBXResourcesBuildPhase;
			buildActionMask = 2147483647;
			files = (
				C0D809C71B7537BB006CE02E /* GameScene.sks in Resources */,
				C0D809C91B7537BB006CE02E /* Images.xcassets in Resources */,
				C0D809CC1B7537BB006CE02E /* MainMenu.xib in Resources */,
			);
			runOnlyForDeploymentPostprocessing = 0;
		};
		C0D809CF1B7537BB006CE02E /* Resources */ = {
			isa = PBXResourcesBuildPhase;
			buildActionMask = 2147483647;
			files = (
			);
			runOnlyForDeploymentPostprocessing = 0;
		};
/* End PBXResourcesBuildPhase section */

/* Begin PBXSourcesBuildPhase section */
		C0D809B91B7537BB006CE02E /* Sources */ = {
			isa = PBXSourcesBuildPhase;
			buildActionMask = 2147483647;
			files = (
				C0D809E71B758120006CE02E /* Shape.swift in Sources */,
				C0D809C51B7537BB006CE02E /* GameScene.swift in Sources */,
				C0D809E91B75A370006CE02E /* Entity.swift in Sources */,
				C0D809C31B7537BB006CE02E /* AppDelegate.swift in Sources */,
				C0D809E31B75386B006CE02E /* Circle.swift in Sources */,
				C0D809E51B7580FE006CE02E /* Triangle.swift in Sources */,
			);
			runOnlyForDeploymentPostprocessing = 0;
		};
		C0D809CD1B7537BB006CE02E /* Sources */ = {
			isa = PBXSourcesBuildPhase;
			buildActionMask = 2147483647;
			files = (
				C0D809D81B7537BB006CE02E /* GameDevConceptsTests.swift in Sources */,
			);
			runOnlyForDeploymentPostprocessing = 0;
		};
/* End PBXSourcesBuildPhase section */

/* Begin PBXTargetDependency section */
		C0D809D31B7537BB006CE02E /* PBXTargetDependency */ = {
			isa = PBXTargetDependency;
			target = C0D809BC1B7537BB006CE02E /* GameDevConcepts */;
			targetProxy = C0D809D21B7537BB006CE02E /* PBXContainerItemProxy */;
		};
/* End PBXTargetDependency section */

/* Begin PBXVariantGroup section */
		C0D809CA1B7537BB006CE02E /* MainMenu.xib */ = {
			isa = PBXVariantGroup;
			children = (
				C0D809CB1B7537BB006CE02E /* Base */,
			);
			name = MainMenu.xib;
			sourceTree = "<group>";
		};
/* End PBXVariantGroup section */

/* Begin XCBuildConfiguration section */
		C0D809D91B7537BB006CE02E /* Debug */ = {
			isa = XCBuildConfiguration;
			buildSettings = {
				ALWAYS_SEARCH_USER_PATHS = NO;
				CLANG_CXX_LANGUAGE_STANDARD = "gnu++0x";
				CLANG_CXX_LIBRARY = "libc++";
				CLANG_ENABLE_MODULES = YES;
				CLANG_ENABLE_OBJC_ARC = YES;
				CLANG_WARN_BOOL_CONVERSION = YES;
				CLANG_WARN_CONSTANT_CONVERSION = YES;
				CLANG_WARN_DIRECT_OBJC_ISA_USAGE = YES_ERROR;
				CLANG_WARN_EMPTY_BODY = YES;
				CLANG_WARN_ENUM_CONVERSION = YES;
				CLANG_WARN_INT_CONVERSION = YES;
				CLANG_WARN_OBJC_ROOT_CLASS = YES_ERROR;
				CLANG_WARN_UNREACHABLE_CODE = YES;
				CLANG_WARN__DUPLICATE_METHOD_MATCH = YES;
				CODE_SIGN_IDENTITY = "-";
				COPY_PHASE_STRIP = NO;
				DEBUG_INFORMATION_FORMAT = dwarf;
				ENABLE_STRICT_OBJC_MSGSEND = YES;
				GCC_C_LANGUAGE_STANDARD = gnu99;
				GCC_DYNAMIC_NO_PIC = NO;
				GCC_NO_COMMON_BLOCKS = YES;
				GCC_OPTIMIZATION_LEVEL = 0;
				GCC_PREPROCESSOR_DEFINITIONS = (
					"DEBUG=1",
					"$(inherited)",
				);
				GCC_SYMBOLS_PRIVATE_EXTERN = NO;
				GCC_WARN_64_TO_32_BIT_CONVERSION = YES;
				GCC_WARN_ABOUT_RETURN_TYPE = YES_ERROR;
				GCC_WARN_UNDECLARED_SELECTOR = YES;
				GCC_WARN_UNINITIALIZED_AUTOS = YES_AGGRESSIVE;
				GCC_WARN_UNUSED_FUNCTION = YES;
				GCC_WARN_UNUSED_VARIABLE = YES;
				MACOSX_DEPLOYMENT_TARGET = 10.10;
				MTL_ENABLE_DEBUG_INFO = YES;
				ONLY_ACTIVE_ARCH = YES;
				SDKROOT = macosx;
				SWIFT_OPTIMIZATION_LEVEL = "-Onone";
			};
			name = Debug;
		};
		C0D809DA1B7537BB006CE02E /* Release */ = {
			isa = XCBuildConfiguration;
			buildSettings = {
				ALWAYS_SEARCH_USER_PATHS = NO;
				CLANG_CXX_LANGUAGE_STANDARD = "gnu++0x";
				CLANG_CXX_LIBRARY = "libc++";
				CLANG_ENABLE_MODULES = YES;
				CLANG_ENABLE_OBJC_ARC = YES;
				CLANG_WARN_BOOL_CONVERSION = YES;
				CLANG_WARN_CONSTANT_CONVERSION = YES;
				CLANG_WARN_DIRECT_OBJC_ISA_USAGE = YES_ERROR;
				CLANG_WARN_EMPTY_BODY = YES;
				CLANG_WARN_ENUM_CONVERSION = YES;
				CLANG_WARN_INT_CONVERSION = YES;
				CLANG_WARN_OBJC_ROOT_CLASS = YES_ERROR;
				CLANG_WARN_UNREACHABLE_CODE = YES;
				CLANG_WARN__DUPLICATE_METHOD_MATCH = YES;
				CODE_SIGN_IDENTITY = "-";
				COPY_PHASE_STRIP = NO;
				DEBUG_INFORMATION_FORMAT = "dwarf-with-dsym";
				ENABLE_NS_ASSERTIONS = NO;
				ENABLE_STRICT_OBJC_MSGSEND = YES;
				GCC_C_LANGUAGE_STANDARD = gnu99;
				GCC_NO_COMMON_BLOCKS = YES;
				GCC_WARN_64_TO_32_BIT_CONVERSION = YES;
				GCC_WARN_ABOUT_RETURN_TYPE = YES_ERROR;
				GCC_WARN_UNDECLARED_SELECTOR = YES;
				GCC_WARN_UNINITIALIZED_AUTOS = YES_AGGRESSIVE;
				GCC_WARN_UNUSED_FUNCTION = YES;
				GCC_WARN_UNUSED_VARIABLE = YES;
				MACOSX_DEPLOYMENT_TARGET = 10.10;
				MTL_ENABLE_DEBUG_INFO = NO;
				SDKROOT = macosx;
			};
			name = Release;
		};
		C0D809DC1B7537BB006CE02E /* Debug */ = {
			isa = XCBuildConfiguration;
			buildSettings = {
				ASSETCATALOG_COMPILER_APPICON_NAME = AppIcon;
				COMBINE_HIDPI_IMAGES = YES;
				INFOPLIST_FILE = GameDevConcepts/Info.plist;
				LD_RUNPATH_SEARCH_PATHS = "$(inherited) @executable_path/../Frameworks";
				PRODUCT_NAME = "$(TARGET_NAME)";
			};
			name = Debug;
		};
		C0D809DD1B7537BB006CE02E /* Release */ = {
			isa = XCBuildConfiguration;
			buildSettings = {
				ASSETCATALOG_COMPILER_APPICON_NAME = AppIcon;
				COMBINE_HIDPI_IMAGES = YES;
				INFOPLIST_FILE = GameDevConcepts/Info.plist;
				LD_RUNPATH_SEARCH_PATHS = "$(inherited) @executable_path/../Frameworks";
				PRODUCT_NAME = "$(TARGET_NAME)";
			};
			name = Release;
		};
		C0D809DF1B7537BB006CE02E /* Debug */ = {
			isa = XCBuildConfiguration;
			buildSettings = {
				BUNDLE_LOADER = "$(TEST_HOST)";
				COMBINE_HIDPI_IMAGES = YES;
				FRAMEWORK_SEARCH_PATHS = (
					"$(DEVELOPER_FRAMEWORKS_DIR)",
					"$(inherited)",
				);
				GCC_PREPROCESSOR_DEFINITIONS = (
					"DEBUG=1",
					"$(inherited)",
				);
				INFOPLIST_FILE = GameDevConceptsTests/Info.plist;
				LD_RUNPATH_SEARCH_PATHS = "$(inherited) @executable_path/../Frameworks @loader_path/../Frameworks";
				PRODUCT_NAME = "$(TARGET_NAME)";
				TEST_HOST = "$(BUILT_PRODUCTS_DIR)/GameDevConcepts.app/Contents/MacOS/GameDevConcepts";
			};
			name = Debug;
		};
		C0D809E01B7537BB006CE02E /* Release */ = {
			isa = XCBuildConfiguration;
			buildSettings = {
				BUNDLE_LOADER = "$(TEST_HOST)";
				COMBINE_HIDPI_IMAGES = YES;
				FRAMEWORK_SEARCH_PATHS = (
					"$(DEVELOPER_FRAMEWORKS_DIR)",
					"$(inherited)",
				);
				INFOPLIST_FILE = GameDevConceptsTests/Info.plist;
				LD_RUNPATH_SEARCH_PATHS = "$(inherited) @executable_path/../Frameworks @loader_path/../Frameworks";
				PRODUCT_NAME = "$(TARGET_NAME)";
				TEST_HOST = "$(BUILT_PRODUCTS_DIR)/GameDevConcepts.app/Contents/MacOS/GameDevConcepts";
			};
			name = Release;
		};
/* End XCBuildConfiguration section */

/* Begin XCConfigurationList section */
		C0D809B81B7537BB006CE02E /* Build configuration list for PBXProject "GameDevConcepts" */ = {
			isa = XCConfigurationList;
			buildConfigurations = (
				C0D809D91B7537BB006CE02E /* Debug */,
				C0D809DA1B7537BB006CE02E /* Release */,
			);
			defaultConfigurationIsVisible = 0;
			defaultConfigurationName = Release;
		};
		C0D809DB1B7537BB006CE02E /* Build configuration list for PBXNativeTarget "GameDevConcepts" */ = {
			isa = XCConfigurationList;
			buildConfigurations = (
				C0D809DC1B7537BB006CE02E /* Debug */,
				C0D809DD1B7537BB006CE02E /* Release */,
			);
			defaultConfigurationIsVisible = 0;
		};
		C0D809DE1B7537BB006CE02E /* Build configuration list for PBXNativeTarget "GameDevConceptsTests" */ = {
			isa = XCConfigurationList;
			buildConfigurations = (
				C0D809DF1B7537BB006CE02E /* Debug */,
				C0D809E01B7537BB006CE02E /* Release */,
			);
			defaultConfigurationIsVisible = 0;
		};
/* End XCConfigurationList section */
	};
	rootObject = C0D809B51B7537BB006CE02E /* Project object */;
}
